# This file was autogenerated by Stack.
# You should not edit this file by hand.
# For more information, please see the documentation at:
#   https://docs.haskellstack.org/en/stable/lock_files

packages: []
snapshots:
- completed:
    size: 568435
    url: https://raw.githubusercontent.com/commercialhaskell/stackage-snapshots/master/lts/10/4.yaml
    sha256: 65ac0604c29a81f0aef5dff499eb9d6c5cdd7dbfedcfdad6b3f0a9e75b422cbe
  original: lts-10.4
